
Microsoft Visual Studio Solution File, Format Version 12.00
# Visual Studio Version 17
VisualStudioVersion = 17.10.35122.118
MinimumVisualStudioVersion = 10.0.40219.1
Project("{9A19103F-16F7-4668-BE54-9A1E7A4F7556}") = "Loja", "Loja.csproj", "{FB74685C-CD7D-4128-8669-41CEE5832316}"
EndProject
Project("{9A19103F-16F7-4668-BE54-9A1E7A4F7556}") = "Domain", "..\Domain\Domain.csproj", "{4EEC0986-DC91-4EBD-8F78-E06AD7B8BEA6}"
EndProject
Project("{FAE04EC0-301F-11D3-BF4B-00C04F79EFBC}") = "Infraestrutura", "..\Servico\Infraestrutura.csproj", "{AA8CEB70-BA73-4586-BDBE-BAACEC355440}"
EndProject
Global
	GlobalSection(SolutionConfigurationPlatforms) = preSolution
		Debug|Any CPU = Debug|Any CPU
		Release|Any CPU = Release|Any CPU
	EndGlobalSection
	GlobalSection(ProjectConfigurationPlatforms) = postSolution
		{FB74685C-CD7D-4128-8669-41CEE5832316}.Debug|Any CPU.ActiveCfg = Debug|Any CPU
		{FB74685C-CD7D-4128-8669-41CEE5832316}.Debug|Any CPU.Build.0 = Debug|Any CPU
		{FB74685C-CD7D-4128-8669-41CEE5832316}.Release|Any CPU.ActiveCfg = Release|Any CPU
		{FB74685C-CD7D-4128-8669-41CEE5832316}.Release|Any CPU.Build.0 = Release|Any CPU
		{4EEC0986-DC91-4EBD-8F78-E06AD7B8BEA6}.Debug|Any CPU.ActiveCfg = Debug|Any CPU
		{4EEC0986-DC91-4EBD-8F78-E06AD7B8BEA6}.Debug|Any CPU.Build.0 = Debug|Any CPU
		{4EEC0986-DC91-4EBD-8F78-E06AD7B8BEA6}.Release|Any CPU.ActiveCfg = Release|Any CPU
		{4EEC0986-DC91-4EBD-8F78-E06AD7B8BEA6}.Release|Any CPU.Build.0 = Release|Any CPU
		{AA8CEB70-BA73-4586-BDBE-BAACEC355440}.Debug|Any CPU.ActiveCfg = Debug|Any CPU
		{AA8CEB70-BA73-4586-BDBE-BAACEC355440}.Debug|Any CPU.Build.0 = Debug|Any CPU
		{AA8CEB70-BA73-4586-BDBE-BAACEC355440}.Release|Any CPU.ActiveCfg = Release|Any CPU
		{AA8CEB70-BA73-4586-BDBE-BAACEC355440}.Release|Any CPU.Build.0 = Release|Any CPU
	EndGlobalSection
	GlobalSection(SolutionProperties) = preSolution
		HideSolutionNode = FALSE
	EndGlobalSection
	GlobalSection(ExtensibilityGlobals) = postSolution
		SolutionGuid = {D1F0701A-C6AE-4C3E-B508-71AE1B6B6980}
	EndGlobalSection
EndGlobal
